
Microsoft Visual Studio Solution File, Format Version 12.00
# Visual Studio Version 17
VisualStudioVersion = 17.5.002.0
MinimumVisualStudioVersion = 10.0.40219.1
Project("{9A19103F-16F7-4668-BE54-9A1E7A4F7556}") = "TextEditor", "TextEditor.csproj", "{222CD211-980E-4526-9900-A31EE4C6638B}"
EndProject
Global
	GlobalSection(SolutionConfigurationPlatforms) = preSolution
		Debug|Any CPU = Debug|Any CPU
		Release|Any CPU = Release|Any CPU
	EndGlobalSection
	GlobalSection(ProjectConfigurationPlatforms) = postSolution
		{222CD211-980E-4526-9900-A31EE4C6638B}.Debug|Any CPU.ActiveCfg = Debug|Any CPU
		{222CD211-980E-4526-9900-A31EE4C6638B}.Debug|Any CPU.Build.0 = Debug|Any CPU
		{222CD211-980E-4526-9900-A31EE4C6638B}.Release|Any CPU.ActiveCfg = Release|Any CPU
		{222CD211-980E-4526-9900-A31EE4C6638B}.Release|Any CPU.Build.0 = Release|Any CPU
	EndGlobalSection
	GlobalSection(SolutionProperties) = preSolution
		HideSolutionNode = FALSE
	EndGlobalSection
	GlobalSection(ExtensibilityGlobals) = postSolution
		SolutionGuid = {C1AA8683-B4CC-4787-8718-6B94638166DA}
	EndGlobalSection
EndGlobal
